
Microsoft Visual Studio Solution File, Format Version 12.00
# Visual Studio Version 17
VisualStudioVersion = 17.6.33723.286
MinimumVisualStudioVersion = 10.0.40219.1
Project("{FAE04EC0-301F-11D3-BF4B-00C04F79EFBC}") = "To-chuc-dai-hoi", "To-chuc-dai-hoi\To-chuc-dai-hoi.csproj", "{B0EF524E-F296-4876-8157-C3AD6D105517}"
EndProject
Global
	GlobalSection(SolutionConfigurationPlatforms) = preSolution
		Debug|Any CPU = Debug|Any CPU
		Release|Any CPU = Release|Any CPU
	EndGlobalSection
	GlobalSection(ProjectConfigurationPlatforms) = postSolution
		{B0EF524E-F296-4876-8157-C3AD6D105517}.Debug|Any CPU.ActiveCfg = Debug|Any CPU
		{B0EF524E-F296-4876-8157-C3AD6D105517}.Debug|Any CPU.Build.0 = Debug|Any CPU
		{B0EF524E-F296-4876-8157-C3AD6D105517}.Release|Any CPU.ActiveCfg = Release|Any CPU
		{B0EF524E-F296-4876-8157-C3AD6D105517}.Release|Any CPU.Build.0 = Release|Any CPU
	EndGlobalSection
	GlobalSection(SolutionProperties) = preSolution
		HideSolutionNode = FALSE
	EndGlobalSection
	GlobalSection(ExtensibilityGlobals) = postSolution
		SolutionGuid = {AA5BCE96-0D07-47FF-AF99-B8B3E1626E86}
	EndGlobalSection
EndGlobal
